{
  "name": "EVLicenseCursor",
  "version": "1.0.0",
  "lockfileVersion": 3,
  "requires": true,
  "packages": {
    "EVLicenseDesktop": {
      "name": "evlicense-desktop",
      "version": "1.0.0",
      "extraneous": true,
      "hasInstallScript": true,
      "license": "MIT",
      "dependencies": {
        "electron-updater": "^6.6.5",
        "express": "^4.21.2",
        "ndef": "^0.2.0",
        "nfc-pcsc": "^0.8.1",
        "socket.io": "^4.8.1",
        "sqlite3": "^5.1.7"
      },
      "devDependencies": {
        "electron": "^36.2.0",
        "electron-builder": "^26.0.12",
        "electron-rebuild": "^3.7.2"
      }
    },
    "EVLicenseDesktopV2": {
      "name": "evlicense-desktop-v2",
      "version": "2.0.0",
      "extraneous": true,
      "hasInstallScript": true,
      "license": "MIT",
      "dependencies": {
        "electron-updater": "^6.6.5",
        "express": "^4.21.2",
        "ndef": "^0.2.0",
        "nfc-pcsc": "^0.8.1",
        "socket.io": "^4.8.1",
        "sqlite3": "^5.1.7"
      },
      "devDependencies": {
        "electron": "^36.2.0",
        "electron-builder": "^26.0.12",
        "electron-rebuild": "^3.7.2"
      }
    }
  }
}
